
Microsoft Visual Studio Solution File, Format Version 12.00
# Visual Studio Version 17
VisualStudioVersion = 17.9.34728.123
MinimumVisualStudioVersion = 10.0.40219.1
Project("{FAE04EC0-301F-11D3-BF4B-00C04F79EFBC}") = "wpf2", "wpf2\wpf2.csproj", "{07C691EA-A976-40DD-B81A-510E3E6AA28E}"
EndProject
Global
	GlobalSection(SolutionConfigurationPlatforms) = preSolution
		Debug|Any CPU = Debug|Any CPU
		Release|Any CPU = Release|Any CPU
	EndGlobalSection
	GlobalSection(ProjectConfigurationPlatforms) = postSolution
		{07C691EA-A976-40DD-B81A-510E3E6AA28E}.Debug|Any CPU.ActiveCfg = Debug|Any CPU
		{07C691EA-A976-40DD-B81A-510E3E6AA28E}.Debug|Any CPU.Build.0 = Debug|Any CPU
		{07C691EA-A976-40DD-B81A-510E3E6AA28E}.Release|Any CPU.ActiveCfg = Release|Any CPU
		{07C691EA-A976-40DD-B81A-510E3E6AA28E}.Release|Any CPU.Build.0 = Release|Any CPU
	EndGlobalSection
	GlobalSection(SolutionProperties) = preSolution
		HideSolutionNode = FALSE
	EndGlobalSection
	GlobalSection(ExtensibilityGlobals) = postSolution
		SolutionGuid = {99D44110-EC55-4DF6-84BA-82C373E205D6}
	EndGlobalSection
EndGlobal
